
Microsoft Visual Studio Solution File, Format Version 12.00
# Visual Studio Version 17
VisualStudioVersion = 17.0.32112.339
MinimumVisualStudioVersion = 10.0.40219.1
Project("{8BC9CEB8-8B4A-11D0-8D11-00A0C91BC942}") = "classi", "classi\classi.vcxproj", "{CF864E6C-9E75-4C54-B2CC-E1C70FF4BA22}"
EndProject
Project("{8BC9CEB8-8B4A-11D0-8D11-00A0C91BC942}") = "Puntospazio", "Puntospazio\Puntospazio.vcxproj", "{4E5B1EB7-A487-4F29-9640-3C1CFF08F63E}"
EndProject
Global
	GlobalSection(SolutionConfigurationPlatforms) = preSolution
		Debug|x64 = Debug|x64
		Debug|x86 = Debug|x86
		Release|x64 = Release|x64
		Release|x86 = Release|x86
	EndGlobalSection
	GlobalSection(ProjectConfigurationPlatforms) = postSolution
		{CF864E6C-9E75-4C54-B2CC-E1C70FF4BA22}.Debug|x64.ActiveCfg = Debug|x64
		{CF864E6C-9E75-4C54-B2CC-E1C70FF4BA22}.Debug|x64.Build.0 = Debug|x64
		{CF864E6C-9E75-4C54-B2CC-E1C70FF4BA22}.Debug|x86.ActiveCfg = Debug|Win32
		{CF864E6C-9E75-4C54-B2CC-E1C70FF4BA22}.Debug|x86.Build.0 = Debug|Win32
		{CF864E6C-9E75-4C54-B2CC-E1C70FF4BA22}.Release|x64.ActiveCfg = Release|x64
		{CF864E6C-9E75-4C54-B2CC-E1C70FF4BA22}.Release|x64.Build.0 = Release|x64
		{CF864E6C-9E75-4C54-B2CC-E1C70FF4BA22}.Release|x86.ActiveCfg = Release|Win32
		{CF864E6C-9E75-4C54-B2CC-E1C70FF4BA22}.Release|x86.Build.0 = Release|Win32
		{4E5B1EB7-A487-4F29-9640-3C1CFF08F63E}.Debug|x64.ActiveCfg = Debug|x64
		{4E5B1EB7-A487-4F29-9640-3C1CFF08F63E}.Debug|x64.Build.0 = Debug|x64
		{4E5B1EB7-A487-4F29-9640-3C1CFF08F63E}.Debug|x86.ActiveCfg = Debug|Win32
		{4E5B1EB7-A487-4F29-9640-3C1CFF08F63E}.Debug|x86.Build.0 = Debug|Win32
		{4E5B1EB7-A487-4F29-9640-3C1CFF08F63E}.Release|x64.ActiveCfg = Release|x64
		{4E5B1EB7-A487-4F29-9640-3C1CFF08F63E}.Release|x64.Build.0 = Release|x64
		{4E5B1EB7-A487-4F29-9640-3C1CFF08F63E}.Release|x86.ActiveCfg = Release|Win32
		{4E5B1EB7-A487-4F29-9640-3C1CFF08F63E}.Release|x86.Build.0 = Release|Win32
	EndGlobalSection
	GlobalSection(SolutionProperties) = preSolution
		HideSolutionNode = FALSE
	EndGlobalSection
	GlobalSection(ExtensibilityGlobals) = postSolution
		SolutionGuid = {6FFA77D6-6827-4EBE-9249-C1DA58F6EBB1}
	EndGlobalSection
EndGlobal
